
Microsoft Visual Studio Solution File, Format Version 12.00
Project("{FAE04EC0-301F-11D3-BF4B-00C04F79EFBC}") = "CashMaster", "CashMaster\CashMaster.csproj", "{D093FDCF-0132-4681-A436-0E35C10EC956}"
EndProject
Global
	GlobalSection(SolutionConfigurationPlatforms) = preSolution
		Debug|Any CPU = Debug|Any CPU
		Release|Any CPU = Release|Any CPU
	EndGlobalSection
	GlobalSection(ProjectConfigurationPlatforms) = postSolution
		{D093FDCF-0132-4681-A436-0E35C10EC956}.Debug|Any CPU.ActiveCfg = Debug|Any CPU
		{D093FDCF-0132-4681-A436-0E35C10EC956}.Debug|Any CPU.Build.0 = Debug|Any CPU
		{D093FDCF-0132-4681-A436-0E35C10EC956}.Release|Any CPU.ActiveCfg = Release|Any CPU
		{D093FDCF-0132-4681-A436-0E35C10EC956}.Release|Any CPU.Build.0 = Release|Any CPU
	EndGlobalSection
EndGlobal
